{
  "nodes": {
    "linux-src": {
      "flake": false,
      "locked": {
        "lastModified": 1780549139,
        "narHash": "sha256-HkhLiKigaUCQeH6z5enWhExJtW2LLh4NHVBrSlZc3XU=",
        "ref": "refs/heads/next",
        "rev": "503c5ae1e72aa9ed91925dafa3d82ee2e992747f",
        "shallow": true,
        "type": "git",
        "url": "https://git.kernel.org/pub/scm/linux/kernel/git/westeri/thunderbolt.git"
      },
      "original": {
        "ref": "refs/heads/next",
        "shallow": true,
        "type": "git",
        "url": "https://git.kernel.org/pub/scm/linux/kernel/git/westeri/thunderbolt.git"
      }
    },
    "linux-stable": {
      "flake": false,
      "locked": {
        "lastModified": 1786312490,
        "narHash": "sha256-/DWgi9VEk6DhN0+Mz3fqr9f+2K9V91J/4mWXP0CaIOM=",
        "ref": "refs/tags/v7.2-rc7",
        "rev": "db2ddb87143519e20a95aa36c60b36107b736a58",
        "shallow": true,
        "type": "git",
        "url": "https://git.kernel.org/pub/scm/linux/kernel/git/torvalds/linux.git"
      },
      "original": {
        "ref": "refs/tags/v7.2-rc7",
        "shallow": true,
        "type": "git",
        "url": "https://git.kernel.org/pub/scm/linux/kernel/git/torvalds/linux.git"
      }
    },
    "nixpkgs": {
      "locked": {
        "lastModified": 1780749050,
        "narHash": "sha256-3av0pIjlOWQ6rDbNOmpUSvbNnJkGORQKKjb4LtCZsIY=",
        "owner": "NixOS",
        "repo": "nixpkgs",
        "rev": "a799d3e3886da994fa307f817a6bc705ae538eeb",
        "type": "github"
      },
      "original": {
        "owner": "NixOS",
        "ref": "nixos-unstable",
        "repo": "nixpkgs",
        "type": "github"
      }
    },
    "root": {
      "inputs": {
        "linux-src": "linux-src",
        "linux-stable": "linux-stable",
        "nixpkgs": "nixpkgs"
      }
    }
  },
  "root": "root",
  "version": 7
}
